
Microsoft Visual Studio Solution File, Format Version 12.00
# Visual Studio Version 17
VisualStudioVersion = 17.3.32901.215
MinimumVisualStudioVersion = 10.0.40219.1
Project("{FAE04EC0-301F-11D3-BF4B-00C04F79EFBC}") = "manavuyguluması", "manavuyguluması\manavuyguluması.csproj", "{37ED8D5F-3501-4726-B77E-0BA596C0F30B}"
EndProject
Global
	GlobalSection(SolutionConfigurationPlatforms) = preSolution
		Debug|Any CPU = Debug|Any CPU
		Release|Any CPU = Release|Any CPU
	EndGlobalSection
	GlobalSection(ProjectConfigurationPlatforms) = postSolution
		{37ED8D5F-3501-4726-B77E-0BA596C0F30B}.Debug|Any CPU.ActiveCfg = Debug|Any CPU
		{37ED8D5F-3501-4726-B77E-0BA596C0F30B}.Debug|Any CPU.Build.0 = Debug|Any CPU
		{37ED8D5F-3501-4726-B77E-0BA596C0F30B}.Release|Any CPU.ActiveCfg = Release|Any CPU
		{37ED8D5F-3501-4726-B77E-0BA596C0F30B}.Release|Any CPU.Build.0 = Release|Any CPU
	EndGlobalSection
	GlobalSection(SolutionProperties) = preSolution
		HideSolutionNode = FALSE
	EndGlobalSection
	GlobalSection(ExtensibilityGlobals) = postSolution
		SolutionGuid = {4D13967E-97C9-4ECC-BF49-771BF747CDEF}
	EndGlobalSection
EndGlobal
